
Microsoft Visual Studio Solution File, Format Version 12.00
Project("{FAE04EC0-301F-11D3-BF4B-00C04F79EFBC}") = "DBPCLabs", "DBPCLabs\DBPCLabs.csproj", "{9E07319C-BC2A-40F5-A938-0FDEA2201F39}"
EndProject
Global
	GlobalSection(SolutionConfigurationPlatforms) = preSolution
		Debug|Any CPU = Debug|Any CPU
		Release|Any CPU = Release|Any CPU
	EndGlobalSection
	GlobalSection(ProjectConfigurationPlatforms) = postSolution
		{9E07319C-BC2A-40F5-A938-0FDEA2201F39}.Debug|Any CPU.ActiveCfg = Debug|Any CPU
		{9E07319C-BC2A-40F5-A938-0FDEA2201F39}.Debug|Any CPU.Build.0 = Debug|Any CPU
		{9E07319C-BC2A-40F5-A938-0FDEA2201F39}.Release|Any CPU.ActiveCfg = Release|Any CPU
		{9E07319C-BC2A-40F5-A938-0FDEA2201F39}.Release|Any CPU.Build.0 = Release|Any CPU
	EndGlobalSection
EndGlobal
